
Microsoft Visual Studio Solution File, Format Version 12.00
# Visual Studio Version 17
VisualStudioVersion = 17.0.31903.59
MinimumVisualStudioVersion = 10.0.40219.1
Project("{2150E333-8FDC-42A3-9474-1A3956D46DE8}") = "src", "src", "{D0205B38-672C-4B75-B94D-D31AC58E2128}"
EndProject
Project("{FAE04EC0-301F-11D3-BF4B-00C04F79EFBC}") = "MiniFtp", "src\MiniFtp\MiniFtp.csproj", "{6D686F09-5B20-4051-AC13-22D208CBBF8C}"
EndProject
Project("{2150E333-8FDC-42A3-9474-1A3956D46DE8}") = "tests", "tests", "{B10C8815-1920-4D7B-8149-2D73E7328B89}"
EndProject
Project("{FAE04EC0-301F-11D3-BF4B-00C04F79EFBC}") = "MiniFtp.Tests", "tests\MiniFtp.Tests\MiniFtp.Tests.csproj", "{2ABA4899-A132-458D-B3AB-AA504E3BB464}"
EndProject
Global
	GlobalSection(SolutionConfigurationPlatforms) = preSolution
		Debug|Any CPU = Debug|Any CPU
		Release|Any CPU = Release|Any CPU
	EndGlobalSection
	GlobalSection(SolutionProperties) = preSolution
		HideSolutionNode = FALSE
	EndGlobalSection
	GlobalSection(ProjectConfigurationPlatforms) = postSolution
		{6D686F09-5B20-4051-AC13-22D208CBBF8C}.Debug|Any CPU.ActiveCfg = Debug|Any CPU
		{6D686F09-5B20-4051-AC13-22D208CBBF8C}.Debug|Any CPU.Build.0 = Debug|Any CPU
		{6D686F09-5B20-4051-AC13-22D208CBBF8C}.Release|Any CPU.ActiveCfg = Release|Any CPU
		{6D686F09-5B20-4051-AC13-22D208CBBF8C}.Release|Any CPU.Build.0 = Release|Any CPU
		{2ABA4899-A132-458D-B3AB-AA504E3BB464}.Debug|Any CPU.ActiveCfg = Debug|Any CPU
		{2ABA4899-A132-458D-B3AB-AA504E3BB464}.Debug|Any CPU.Build.0 = Debug|Any CPU
		{2ABA4899-A132-458D-B3AB-AA504E3BB464}.Release|Any CPU.ActiveCfg = Release|Any CPU
		{2ABA4899-A132-458D-B3AB-AA504E3BB464}.Release|Any CPU.Build.0 = Release|Any CPU
	EndGlobalSection
	GlobalSection(NestedProjects) = preSolution
		{6D686F09-5B20-4051-AC13-22D208CBBF8C} = {D0205B38-672C-4B75-B94D-D31AC58E2128}
		{2ABA4899-A132-458D-B3AB-AA504E3BB464} = {B10C8815-1920-4D7B-8149-2D73E7328B89}
	EndGlobalSection
EndGlobal
